// !$*UTF8*$!
{
	archiveVersion = 1;
	classes = {
	};
	objectVersion = 54;
	objects = {

/* Begin PBXBuildFile section */
		02B4A076EAD343E3A48BD923 /* ShareViewController.swift in Sources */ = {isa = PBXBuildFile; fileRef = 54215993C4E34BBA89772F4E /* ShareViewController.swift */; };
		13B07FBF1A68108700A75B9A /* Images.xcassets in Resources */ = {isa = PBXBuildFile; fileRef = 13B07FB51A68108700A75B9A /* Images.xcassets */; };
		1860111EACF2455E9B883557 /* BeebeebFileProvider.appex in Embed App Extensions */ = {isa = PBXBuildFile; fileRef = B627860D9DD8474EB94E1093 /* BeebeebFileProvider.appex */; settings = {ATTRIBUTES = (RemoveHeadersOnCopy, ); }; };
		219D9E3D6CAF43F6A78F6A4C /* BeebeebCryptoShim.swift in Sources */ = {isa = PBXBuildFile; fileRef = 4BF94FAC43BB47A3A4E47658 /* BeebeebCryptoShim.swift */; };
		2A9212927C374E5BA0863172 /* BeebeebShare.appex in Embed App Extensions */ = {isa = PBXBuildFile; fileRef = B91816913FBF47D99F9BBC1E /* BeebeebShare.appex */; settings = {ATTRIBUTES = (RemoveHeadersOnCopy, ); }; };
		2F39996DA7DB4CD9B11F0208 /* beebeeb_uniffi.swift in Sources */ = {isa = PBXBuildFile; fileRef = E9B7A14F2F464F1D89721EB9 /* beebeeb_uniffi.swift */; };
		3E461D99554A48A4959DE609 /* SplashScreen.storyboard in Resources */ = {isa = PBXBuildFile; fileRef = AA286B85B6C04FC6940260E9 /* SplashScreen.storyboard */; };
		4BD40E619DD64E149B5274C6 /* BeebeebCore.xcframework in Frameworks */ = {isa = PBXBuildFile; fileRef = 9B7E8D1477F84A4584DDCD33 /* BeebeebCore.xcframework */; };
		4D684AAF31EA47098239E4BA /* CacheManager.swift in Sources */ = {isa = PBXBuildFile; fileRef = 18F32655F23B47BF967F3289 /* CacheManager.swift */; };
		51C6B611C3DD4D3693416812 /* FileProviderItem.swift in Sources */ = {isa = PBXBuildFile; fileRef = DF77A18E4B974F4FBFB8E374 /* FileProviderItem.swift */; };
		5C9D9A96F51A4474AE70289C /* BeebeebWidget.appex in Embed App Extensions */ = {isa = PBXBuildFile; fileRef = 417BA060800D49C79AA801B4 /* BeebeebWidget.appex */; settings = {ATTRIBUTES = (RemoveHeadersOnCopy, ); }; };
		5F458549952740669EC2780E /* FileProviderEnumerator.swift in Sources */ = {isa = PBXBuildFile; fileRef = 7D9F0B759C7E4B319A4FEB03 /* FileProviderEnumerator.swift */; };
		649104B83FF442FABCEB8419 /* BeebeebCore.xcframework in Frameworks */ = {isa = PBXBuildFile; fileRef = 9B7E8D1477F84A4584DDCD33 /* BeebeebCore.xcframework */; };
		649525727E094D4A925A1F11 /* ApiClient.swift in Sources */ = {isa = PBXBuildFile; fileRef = 048F875574564B5CA5299E1C /* ApiClient.swift */; };
		76570584F9DD4074BA2FB653 /* BeebeebWidget.swift in Sources */ = {isa = PBXBuildFile; fileRef = D2406572F70C4D4AA4648688 /* BeebeebWidget.swift */; };
		7DB65CFE6924458D99A837C0 /* beebeeb_uniffi.swift in Sources */ = {isa = PBXBuildFile; fileRef = 3C14135685514A8EB4E55316 /* beebeeb_uniffi.swift */; };
		822D3A12265B41CDB9F95A33 /* beebeeb_uniffi.swift in Sources */ = {isa = PBXBuildFile; fileRef = E9B7A14F2F464F1D89721EB9 /* beebeeb_uniffi.swift */; };
		89337F23BDAD4C75AB73EF81 /* BeebeebKeychainCore.swift in Sources */ = {isa = PBXBuildFile; fileRef = EE5BEDA2F02E40E7AA3E43EB /* BeebeebKeychainCore.swift */; };
		8E79F446FF23783DBB69F3F8 /* ExpoModulesProvider.swift in Sources */ = {isa = PBXBuildFile; fileRef = 45D67D5CA79C0513A935BE92 /* ExpoModulesProvider.swift */; };
		949804F8C861449181CE5D15 /* FileProviderExtension.swift in Sources */ = {isa = PBXBuildFile; fileRef = 5FB1C599A5F14B729752EA87 /* FileProviderExtension.swift */; };
		A0A3BFA5E3AA437992C186BB /* FolderFetcher.swift in Sources */ = {isa = PBXBuildFile; fileRef = 810E3E149C9E4D1AB7D2A38C /* FolderFetcher.swift */; };
		ACB4FA82DD8E42B9B5BF54CF /* BeebeebKeychainCore.swift in Sources */ = {isa = PBXBuildFile; fileRef = 94BFE051B4D44E3F89B31B82 /* BeebeebKeychainCore.swift */; };
		B04923F613E245E0AA0F2710 /* CryptoBridge.swift in Sources */ = {isa = PBXBuildFile; fileRef = 87E08A70BFDC429AAB268645 /* CryptoBridge.swift */; };
		B0CB7D0B9C1847EC875BBE25 /* Constants.swift in Sources */ = {isa = PBXBuildFile; fileRef = 9A5C62C802014AC3848B872A /* Constants.swift */; };
		B31BB01EEE83480FA73DFB6D /* ShareUploader.swift in Sources */ = {isa = PBXBuildFile; fileRef = 1DFF4D0CB90343F7A73E6379 /* ShareUploader.swift */; };
		B75F326AD74D4DE09F2ACCD8 /* PlaintextStorageProtection.swift in Sources */ = {isa = PBXBuildFile; fileRef = 0F12C74BB3AC4E1BB12CD1DF /* PlaintextStorageProtection.swift */; };
		BB2F792D24A3F905000567C9 /* Expo.plist in Resources */ = {isa = PBXBuildFile; fileRef = BB2F792C24A3F905000567C9 /* Expo.plist */; };
		C6B95DE67C290D8F8EF72479 /* PrivacyInfo.xcprivacy in Resources */ = {isa = PBXBuildFile; fileRef = 526362BDA9E84BD0DA39E25C /* PrivacyInfo.xcprivacy */; };
		C9D725635A4A4876B6544E25 /* SyncEngine.swift in Sources */ = {isa = PBXBuildFile; fileRef = FF3B3ED2491E4CA589B68A78 /* SyncEngine.swift */; };
		DEFFBF38DA1A49CC9ABC1CC7 /* BeebeebCore.xcframework in Frameworks */ = {isa = PBXBuildFile; fileRef = 9B7E8D1477F84A4584DDCD33 /* BeebeebCore.xcframework */; };
		EC3B62F526E54811AD145949 /* RuntimeTrace.swift in Sources */ = {isa = PBXBuildFile; fileRef = 933B199EF3464E86BCBE6052 /* RuntimeTrace.swift */; };
		F11748422D0307B40044C1D9 /* AppDelegate.swift in Sources */ = {isa = PBXBuildFile; fileRef = F11748412D0307B40044C1D9 /* AppDelegate.swift */; };
		FBD7ABDD371246952840112B /* libPods-Beebeeb.a in Frameworks */ = {isa = PBXBuildFile; fileRef = 72EE02093869AAC5E338128F /* libPods-Beebeeb.a */; };
/* End PBXBuildFile section */

/* Begin PBXContainerItemProxy section */
		665794C4D60B415D886266B5 /* PBXContainerItemProxy */ = {
			isa = PBXContainerItemProxy;
			containerPortal = 83CBB9F71A601CBA00E9B192 /* Project object */;
			proxyType = 1;
			remoteGlobalIDString = CD67030F8A474E979D596CFF;
			remoteInfo = BeebeebShare;
		};
		7A165C7A6493440B87AC0155 /* PBXContainerItemProxy */ = {
			isa = PBXContainerItemProxy;
			containerPortal = 83CBB9F71A601CBA00E9B192 /* Project object */;
			proxyType = 1;
			remoteGlobalIDString = CEA9DBADADA845109DA8CD18;
			remoteInfo = BeebeebWidget;
		};
		A12B0FD4637D4E6FB94C015D /* PBXContainerItemProxy */ = {
			isa = PBXContainerItemProxy;
			containerPortal = 83CBB9F71A601CBA00E9B192 /* Project object */;
			proxyType = 1;
			remoteGlobalIDString = 2EBB43A3FDD3407CBFAA4376;
			remoteInfo = BeebeebFileProvider;
		};
/* End PBXContainerItemProxy section */

/* Begin PBXCopyFilesBuildPhase section */
		709246F7EAA7491BBC6046C2 /* Embed App Extensions */ = {
			isa = PBXCopyFilesBuildPhase;
			buildActionMask = 2147483647;
			dstPath = "";
			dstSubfolderSpec = 13;
			files = (
				5C9D9A96F51A4474AE70289C /* BeebeebWidget.appex in Embed App Extensions */,
				2A9212927C374E5BA0863172 /* BeebeebShare.appex in Embed App Extensions */,
				1860111EACF2455E9B883557 /* BeebeebFileProvider.appex in Embed App Extensions */,
			);
			name = "Embed App Extensions";
			runOnlyForDeploymentPostprocessing = 0;
		};
/* End PBXCopyFilesBuildPhase section */

/* Begin PBXFileReference section */
		02B24B018D434B488ECE949D /* BeebeebFileProvider.entitlements */ = {isa = PBXFileReference; fileEncoding = 4; lastKnownFileType = text.plist.entitlements; name = BeebeebFileProvider.entitlements; path = BeebeebFileProvider/BeebeebFileProvider.entitlements; sourceTree = "<group>"; };
		048F875574564B5CA5299E1C /* ApiClient.swift */ = {isa = PBXFileReference; fileEncoding = 4; lastKnownFileType = sourcecode.swift; name = ApiClient.swift; path = "../targets/file-provider/ApiClient.swift"; sourceTree = "<group>"; };
		0AFA1DE9EFA34BB78293E9DB /* BeebeebShare.entitlements */ = {isa = PBXFileReference; fileEncoding = 4; lastKnownFileType = text.plist.entitlements; name = BeebeebShare.entitlements; path = BeebeebShare/BeebeebShare.entitlements; sourceTree = "<group>"; };
		0F12C74BB3AC4E1BB12CD1DF /* PlaintextStorageProtection.swift */ = {isa = PBXFileReference; fileEncoding = 4; lastKnownFileType = sourcecode.swift; name = PlaintextStorageProtection.swift; path = "../modules/beebeeb-crypto/ios/PlaintextStorageProtection.swift"; sourceTree = "<group>"; };
		13B07F961A680F5B00A75B9A /* Beebeeb.app */ = {isa = PBXFileReference; explicitFileType = wrapper.application; includeInIndex = 0; path = Beebeeb.app; sourceTree = BUILT_PRODUCTS_DIR; };
		13B07FB51A68108700A75B9A /* Images.xcassets */ = {isa = PBXFileReference; lastKnownFileType = folder.assetcatalog; name = Images.xcassets; path = Beebeeb/Images.xcassets; sourceTree = "<group>"; };
		13B07FB61A68108700A75B9A /* Info.plist */ = {isa = PBXFileReference; fileEncoding = 4; lastKnownFileType = text.plist.xml; name = Info.plist; path = Beebeeb/Info.plist; sourceTree = "<group>"; };
		18F32655F23B47BF967F3289 /* CacheManager.swift */ = {isa = PBXFileReference; fileEncoding = 4; lastKnownFileType = sourcecode.swift; name = CacheManager.swift; path = "../targets/file-provider/CacheManager.swift"; sourceTree = "<group>"; };
		1DFF4D0CB90343F7A73E6379 /* ShareUploader.swift */ = {isa = PBXFileReference; fileEncoding = 4; lastKnownFileType = sourcecode.swift; name = ShareUploader.swift; path = BeebeebShare/ShareUploader.swift; sourceTree = "<group>"; };
		1E005C7786CF34B2668CA27E /* Pods-Beebeeb.debug.xcconfig */ = {isa = PBXFileReference; includeInIndex = 1; lastKnownFileType = text.xcconfig; name = "Pods-Beebeeb.debug.xcconfig"; path = "Target Support Files/Pods-Beebeeb/Pods-Beebeeb.debug.xcconfig"; sourceTree = "<group>"; };
		329117D739344957AE687286 /* Info.plist */ = {isa = PBXFileReference; fileEncoding = 4; lastKnownFileType = text.plist.xml; name = Info.plist; path = BeebeebFileProvider/Info.plist; sourceTree = "<group>"; };
		3C14135685514A8EB4E55316 /* beebeeb_uniffi.swift */ = {isa = PBXFileReference; explicitFileType = undefined; fileEncoding = 4; includeInIndex = 0; lastKnownFileType = sourcecode.swift; name = beebeeb_uniffi.swift; path = Beebeeb/beebeeb_uniffi.swift; sourceTree = "<group>"; };
		417BA060800D49C79AA801B4 /* BeebeebWidget.appex */ = {isa = PBXFileReference; explicitFileType = "wrapper.app-extension"; includeInIndex = 0; path = BeebeebWidget.appex; sourceTree = BUILT_PRODUCTS_DIR; };
		45D67D5CA79C0513A935BE92 /* ExpoModulesProvider.swift */ = {isa = PBXFileReference; includeInIndex = 1; lastKnownFileType = sourcecode.swift; name = ExpoModulesProvider.swift; path = "Pods/Target Support Files/Pods-Beebeeb/ExpoModulesProvider.swift"; sourceTree = "<group>"; };
		4BF94FAC43BB47A3A4E47658 /* BeebeebCryptoShim.swift */ = {isa = PBXFileReference; fileEncoding = 4; lastKnownFileType = sourcecode.swift; name = BeebeebCryptoShim.swift; path = BeebeebShare/BeebeebCryptoShim.swift; sourceTree = "<group>"; };
		526362BDA9E84BD0DA39E25C /* PrivacyInfo.xcprivacy */ = {isa = PBXFileReference; includeInIndex = 1; name = PrivacyInfo.xcprivacy; path = Beebeeb/PrivacyInfo.xcprivacy; sourceTree = "<group>"; };
		54215993C4E34BBA89772F4E /* ShareViewController.swift */ = {isa = PBXFileReference; fileEncoding = 4; lastKnownFileType = sourcecode.swift; name = ShareViewController.swift; path = BeebeebShare/ShareViewController.swift; sourceTree = "<group>"; };
		5FB1C599A5F14B729752EA87 /* FileProviderExtension.swift */ = {isa = PBXFileReference; fileEncoding = 4; lastKnownFileType = sourcecode.swift; name = FileProviderExtension.swift; path = "../targets/file-provider/FileProviderExtension.swift"; sourceTree = "<group>"; };
		72EE02093869AAC5E338128F /* libPods-Beebeeb.a */ = {isa = PBXFileReference; explicitFileType = archive.ar; includeInIndex = 0; path = "libPods-Beebeeb.a"; sourceTree = BUILT_PRODUCTS_DIR; };
		7D9F0B759C7E4B319A4FEB03 /* FileProviderEnumerator.swift */ = {isa = PBXFileReference; fileEncoding = 4; lastKnownFileType = sourcecode.swift; name = FileProviderEnumerator.swift; path = "../targets/file-provider/FileProviderEnumerator.swift"; sourceTree = "<group>"; };
		810E3E149C9E4D1AB7D2A38C /* FolderFetcher.swift */ = {isa = PBXFileReference; fileEncoding = 4; lastKnownFileType = sourcecode.swift; name = FolderFetcher.swift; path = BeebeebShare/FolderFetcher.swift; sourceTree = "<group>"; };
		87E08A70BFDC429AAB268645 /* CryptoBridge.swift */ = {isa = PBXFileReference; fileEncoding = 4; lastKnownFileType = sourcecode.swift; name = CryptoBridge.swift; path = "../targets/file-provider/CryptoBridge.swift"; sourceTree = "<group>"; };
		933B199EF3464E86BCBE6052 /* RuntimeTrace.swift */ = {isa = PBXFileReference; fileEncoding = 4; lastKnownFileType = sourcecode.swift; name = RuntimeTrace.swift; path = "../modules/beebeeb-crypto/ios/RuntimeTrace.swift"; sourceTree = "<group>"; };
		94BFE051B4D44E3F89B31B82 /* BeebeebKeychainCore.swift */ = {isa = PBXFileReference; fileEncoding = 4; lastKnownFileType = sourcecode.swift; name = BeebeebKeychainCore.swift; path = "../targets/file-provider/BeebeebKeychainCore.swift"; sourceTree = "<group>"; };
		9A5C62C802014AC3848B872A /* Constants.swift */ = {isa = PBXFileReference; fileEncoding = 4; lastKnownFileType = sourcecode.swift; name = Constants.swift; path = "../targets/file-provider/Constants.swift"; sourceTree = "<group>"; };
		9B7E8D1477F84A4584DDCD33 /* BeebeebCore.xcframework */ = {isa = PBXFileReference; fileEncoding = 4; lastKnownFileType = wrapper.xcframework; name = BeebeebCore.xcframework; path = BeebeebCore.xcframework; sourceTree = "<group>"; };
		AA286B85B6C04FC6940260E9 /* SplashScreen.storyboard */ = {isa = PBXFileReference; fileEncoding = 4; lastKnownFileType = file.storyboard; name = SplashScreen.storyboard; path = Beebeeb/SplashScreen.storyboard; sourceTree = "<group>"; };
		B19421435224F54F1DD573A7 /* Pods-Beebeeb.release.xcconfig */ = {isa = PBXFileReference; includeInIndex = 1; lastKnownFileType = text.xcconfig; name = "Pods-Beebeeb.release.xcconfig"; path = "Target Support Files/Pods-Beebeeb/Pods-Beebeeb.release.xcconfig"; sourceTree = "<group>"; };
		B627860D9DD8474EB94E1093 /* BeebeebFileProvider.appex */ = {isa = PBXFileReference; explicitFileType = "wrapper.app-extension"; includeInIndex = 0; path = BeebeebFileProvider.appex; sourceTree = BUILT_PRODUCTS_DIR; };
		B646122617B94A3BBA71CEFE /* Info.plist */ = {isa = PBXFileReference; fileEncoding = 4; lastKnownFileType = text.plist.xml; name = Info.plist; path = BeebeebWidget/Info.plist; sourceTree = "<group>"; };
		B91816913FBF47D99F9BBC1E /* BeebeebShare.appex */ = {isa = PBXFileReference; explicitFileType = "wrapper.app-extension"; includeInIndex = 0; path = BeebeebShare.appex; sourceTree = BUILT_PRODUCTS_DIR; };
		B97B2E3E97414D349C4AED74 /* Info.plist */ = {isa = PBXFileReference; fileEncoding = 4; lastKnownFileType = text.plist.xml; name = Info.plist; path = BeebeebShare/Info.plist; sourceTree = "<group>"; };
		BB2F792C24A3F905000567C9 /* Expo.plist */ = {isa = PBXFileReference; fileEncoding = 4; lastKnownFileType = text.plist.xml; path = Expo.plist; sourceTree = "<group>"; };
		C41949E1B523455388B78A1D /* BeebeebWidget.entitlements */ = {isa = PBXFileReference; fileEncoding = 4; lastKnownFileType = text.plist.entitlements; name = BeebeebWidget.entitlements; path = BeebeebWidget/BeebeebWidget.entitlements; sourceTree = "<group>"; };
		D2406572F70C4D4AA4648688 /* BeebeebWidget.swift */ = {isa = PBXFileReference; fileEncoding = 4; lastKnownFileType = sourcecode.swift; name = BeebeebWidget.swift; path = BeebeebWidget/BeebeebWidget.swift; sourceTree = "<group>"; };
		DF77A18E4B974F4FBFB8E374 /* FileProviderItem.swift */ = {isa = PBXFileReference; fileEncoding = 4; lastKnownFileType = sourcecode.swift; name = FileProviderItem.swift; path = "../targets/file-provider/FileProviderItem.swift"; sourceTree = "<group>"; };
		E9B7A14F2F464F1D89721EB9 /* beebeeb_uniffi.swift */ = {isa = PBXFileReference; fileEncoding = 4; lastKnownFileType = sourcecode.swift; name = beebeeb_uniffi.swift; path = Beebeeb/beebeeb_uniffi.swift; sourceTree = "<group>"; };
		ED297162215061F000B7C4FE /* JavaScriptCore.framework */ = {isa = PBXFileReference; lastKnownFileType = wrapper.framework; name = JavaScriptCore.framework; path = System/Library/Frameworks/JavaScriptCore.framework; sourceTree = SDKROOT; };
		EE5BEDA2F02E40E7AA3E43EB /* BeebeebKeychainCore.swift */ = {isa = PBXFileReference; fileEncoding = 4; lastKnownFileType = sourcecode.swift; name = BeebeebKeychainCore.swift; path = BeebeebShare/BeebeebKeychainCore.swift; sourceTree = "<group>"; };
		F11748412D0307B40044C1D9 /* AppDelegate.swift */ = {isa = PBXFileReference; lastKnownFileType = sourcecode.swift; name = AppDelegate.swift; path = Beebeeb/AppDelegate.swift; sourceTree = "<group>"; };
		F11748442D0722820044C1D9 /* Beebeeb-Bridging-Header.h */ = {isa = PBXFileReference; lastKnownFileType = sourcecode.c.h; name = "Beebeeb-Bridging-Header.h"; path = "Beebeeb/Beebeeb-Bridging-Header.h"; sourceTree = "<group>"; };
		FF3B3ED2491E4CA589B68A78 /* SyncEngine.swift */ = {isa = PBXFileReference; fileEncoding = 4; lastKnownFileType = sourcecode.swift; name = SyncEngine.swift; path = "../targets/file-provider/SyncEngine.swift"; sourceTree = "<group>"; };
/* End PBXFileReference section */

/* Begin PBXFrameworksBuildPhase section */
		13B07F8C1A680F5B00A75B9A /* Frameworks */ = {
			isa = PBXFrameworksBuildPhase;
			buildActionMask = 2147483647;
			files = (
				649104B83FF442FABCEB8419 /* BeebeebCore.xcframework in Frameworks */,
				FBD7ABDD371246952840112B /* libPods-Beebeeb.a in Frameworks */,
			);
			runOnlyForDeploymentPostprocessing = 0;
		};
		8C7D8F3BECF8464590E15044 /* Frameworks */ = {
			isa = PBXFrameworksBuildPhase;
			buildActionMask = 2147483647;
			files = (
				4BD40E619DD64E149B5274C6 /* BeebeebCore.xcframework in Frameworks */,
			);
			runOnlyForDeploymentPostprocessing = 0;
		};
		B3E53F50B06E4143B681218E /* Frameworks */ = {
			isa = PBXFrameworksBuildPhase;
			buildActionMask = 2147483647;
			files = (
			);
			runOnlyForDeploymentPostprocessing = 0;
		};
		C00D9EBD38664D7AB7F87CA1 /* Frameworks */ = {
			isa = PBXFrameworksBuildPhase;
			buildActionMask = 2147483647;
			files = (
				DEFFBF38DA1A49CC9ABC1CC7 /* BeebeebCore.xcframework in Frameworks */,
			);
			runOnlyForDeploymentPostprocessing = 0;
		};
/* End PBXFrameworksBuildPhase section */

/* Begin PBXGroup section */
		06FA7AFC722B49B5A1195C00 /* BeebeebFileProvider */ = {
			isa = PBXGroup;
			children = (
				5FB1C599A5F14B729752EA87 /* FileProviderExtension.swift */,
				DF77A18E4B974F4FBFB8E374 /* FileProviderItem.swift */,
				7D9F0B759C7E4B319A4FEB03 /* FileProviderEnumerator.swift */,
				18F32655F23B47BF967F3289 /* CacheManager.swift */,
				048F875574564B5CA5299E1C /* ApiClient.swift */,
				87E08A70BFDC429AAB268645 /* CryptoBridge.swift */,
				94BFE051B4D44E3F89B31B82 /* BeebeebKeychainCore.swift */,
				9A5C62C802014AC3848B872A /* Constants.swift */,
				FF3B3ED2491E4CA589B68A78 /* SyncEngine.swift */,
				0F12C74BB3AC4E1BB12CD1DF /* PlaintextStorageProtection.swift */,
				933B199EF3464E86BCBE6052 /* RuntimeTrace.swift */,
				E9B7A14F2F464F1D89721EB9 /* beebeeb_uniffi.swift */,
				329117D739344957AE687286 /* Info.plist */,
				02B24B018D434B488ECE949D /* BeebeebFileProvider.entitlements */,
			);
			name = BeebeebFileProvider;
			sourceTree = "<group>";
		};
		13B07FAE1A68108700A75B9A /* Beebeeb */ = {
			isa = PBXGroup;
			children = (
				F11748412D0307B40044C1D9 /* AppDelegate.swift */,
				F11748442D0722820044C1D9 /* Beebeeb-Bridging-Header.h */,
				BB2F792B24A3F905000567C9 /* Supporting */,
				13B07FB51A68108700A75B9A /* Images.xcassets */,
				13B07FB61A68108700A75B9A /* Info.plist */,
				AA286B85B6C04FC6940260E9 /* SplashScreen.storyboard */,
				3C14135685514A8EB4E55316 /* beebeeb_uniffi.swift */,
				526362BDA9E84BD0DA39E25C /* PrivacyInfo.xcprivacy */,
			);
			name = Beebeeb;
			sourceTree = "<group>";
		};
		19DF21D5BCD040D0B2A8640B /* BeebeebWidget */ = {
			isa = PBXGroup;
			children = (
				D2406572F70C4D4AA4648688 /* BeebeebWidget.swift */,
				B646122617B94A3BBA71CEFE /* Info.plist */,
				C41949E1B523455388B78A1D /* BeebeebWidget.entitlements */,
			);
			name = BeebeebWidget;
			sourceTree = "<group>";
		};
		2D16E6871FA4F8E400B85C8A /* Frameworks */ = {
			isa = PBXGroup;
			children = (
				ED297162215061F000B7C4FE /* JavaScriptCore.framework */,
				72EE02093869AAC5E338128F /* libPods-Beebeeb.a */,
			);
			name = Frameworks;
			sourceTree = "<group>";
		};
		504676717A9E2F1605DD8410 /* Pods */ = {
			isa = PBXGroup;
			children = (
				1E005C7786CF34B2668CA27E /* Pods-Beebeeb.debug.xcconfig */,
				B19421435224F54F1DD573A7 /* Pods-Beebeeb.release.xcconfig */,
			);
			name = Pods;
			path = Pods;
			sourceTree = "<group>";
		};
		504CF1257E9EE066217EA268 /* Beebeeb */ = {
			isa = PBXGroup;
			children = (
				45D67D5CA79C0513A935BE92 /* ExpoModulesProvider.swift */,
			);
			name = Beebeeb;
			sourceTree = "<group>";
		};
		55DDB8E3B0F34C298A7F30BD /* BeebeebShare */ = {
			isa = PBXGroup;
			children = (
				54215993C4E34BBA89772F4E /* ShareViewController.swift */,
				4BF94FAC43BB47A3A4E47658 /* BeebeebCryptoShim.swift */,
				1DFF4D0CB90343F7A73E6379 /* ShareUploader.swift */,
				EE5BEDA2F02E40E7AA3E43EB /* BeebeebKeychainCore.swift */,
				810E3E149C9E4D1AB7D2A38C /* FolderFetcher.swift */,
				E9B7A14F2F464F1D89721EB9 /* beebeeb_uniffi.swift */,
				B97B2E3E97414D349C4AED74 /* Info.plist */,
				0AFA1DE9EFA34BB78293E9DB /* BeebeebShare.entitlements */,
			);
			name = BeebeebShare;
			sourceTree = "<group>";
		};
		6012BE3D948355ECBF12C78A /* ExpoModulesProviders */ = {
			isa = PBXGroup;
			children = (
				504CF1257E9EE066217EA268 /* Beebeeb */,
			);
			name = ExpoModulesProviders;
			sourceTree = "<group>";
		};
		832341AE1AAA6A7D00B99B32 /* Libraries */ = {
			isa = PBXGroup;
			children = (
			);
			name = Libraries;
			sourceTree = "<group>";
		};
		83CBB9F61A601CBA00E9B192 = {
			isa = PBXGroup;
			children = (
				13B07FAE1A68108700A75B9A /* Beebeeb */,
				832341AE1AAA6A7D00B99B32 /* Libraries */,
				83CBBA001A601CBA00E9B192 /* Products */,
				2D16E6871FA4F8E400B85C8A /* Frameworks */,
				19DF21D5BCD040D0B2A8640B /* BeebeebWidget */,
				55DDB8E3B0F34C298A7F30BD /* BeebeebShare */,
				06FA7AFC722B49B5A1195C00 /* BeebeebFileProvider */,
				504676717A9E2F1605DD8410 /* Pods */,
				6012BE3D948355ECBF12C78A /* ExpoModulesProviders */,
			);
			indentWidth = 2;
			sourceTree = "<group>";
			tabWidth = 2;
			usesTabs = 0;
		};
		83CBBA001A601CBA00E9B192 /* Products */ = {
			isa = PBXGroup;
			children = (
				13B07F961A680F5B00A75B9A /* Beebeeb.app */,
				417BA060800D49C79AA801B4 /* BeebeebWidget.appex */,
				B91816913FBF47D99F9BBC1E /* BeebeebShare.appex */,
				B627860D9DD8474EB94E1093 /* BeebeebFileProvider.appex */,
			);
			name = Products;
			sourceTree = "<group>";
		};
		BB2F792B24A3F905000567C9 /* Supporting */ = {
			isa = PBXGroup;
			children = (
				BB2F792C24A3F905000567C9 /* Expo.plist */,
			);
			name = Supporting;
			path = Beebeeb/Supporting;
			sourceTree = "<group>";
		};
/* End PBXGroup section */

/* Begin PBXNativeTarget section */
		13B07F861A680F5B00A75B9A /* Beebeeb */ = {
			isa = PBXNativeTarget;
			buildConfigurationList = 13B07F931A680F5B00A75B9A /* Build configuration list for PBXNativeTarget "Beebeeb" */;
			buildPhases = (
				08A4A3CD28434E44B6B9DE2E /* [CP] Check Pods Manifest.lock */,
				95A9EBA5F8F6DD6AF8902169 /* [Expo] Configure project */,
				13B07F871A680F5B00A75B9A /* Sources */,
				13B07F8C1A680F5B00A75B9A /* Frameworks */,
				13B07F8E1A680F5B00A75B9A /* Resources */,
				00DD1BFF1BD5951E006B06BC /* Bundle React Native code and images */,
				800E24972A6A228C8D4807E9 /* [CP] Copy Pods Resources */,
				7D2C7C8BEAE94961BD5A672A /* [Expo Dev Launcher] Strip Local Network Keys for Release */,
				709246F7EAA7491BBC6046C2 /* Embed App Extensions */,
				9E27036CF78E268C7A21208E /* [CP] Embed Pods Frameworks */,
			);
			buildRules = (
			);
			dependencies = (
				6B5E9C736E594C3089759118 /* PBXTargetDependency */,
				DDE8C021B51D4411BC7A156A /* PBXTargetDependency */,
				14DC9A94C5904084AC93F9D3 /* PBXTargetDependency */,
			);
			name = Beebeeb;
			productName = Beebeeb;
			productReference = 13B07F961A680F5B00A75B9A /* Beebeeb.app */;
			productType = "com.apple.product-type.application";
		};
		2EBB43A3FDD3407CBFAA4376 /* BeebeebFileProvider */ = {
			isa = PBXNativeTarget;
			buildConfigurationList = 637F0BE16CC44A9DAF784C2E /* Build configuration list for PBXNativeTarget "BeebeebFileProvider" */;
			buildPhases = (
				EEFD29B3115742CB9C4D06F1 /* Sources */,
				C00D9EBD38664D7AB7F87CA1 /* Frameworks */,
				3B175D48465E4481A10A48E6 /* Resources */,
			);
			buildRules = (
			);
			dependencies = (
			);
			name = BeebeebFileProvider;
			productName = BeebeebFileProvider;
			productReference = B627860D9DD8474EB94E1093 /* BeebeebFileProvider.appex */;
			productType = "com.apple.product-type.app-extension";
		};
		CD67030F8A474E979D596CFF /* BeebeebShare */ = {
			isa = PBXNativeTarget;
			buildConfigurationList = F363AF013DEC4A9EA47C9043 /* Build configuration list for PBXNativeTarget "BeebeebShare" */;
			buildPhases = (
				90ACBEB36FB24CE28CFA6718 /* Sources */,
				8C7D8F3BECF8464590E15044 /* Frameworks */,
				73AF859789CA4A9AA4E9BDC8 /* Resources */,
			);
			buildRules = (
			);
			dependencies = (
			);
			name = BeebeebShare;
			productName = BeebeebShare;
			productReference = B91816913FBF47D99F9BBC1E /* BeebeebShare.appex */;
			productType = "com.apple.product-type.app-extension";
		};
		CEA9DBADADA845109DA8CD18 /* BeebeebWidget */ = {
			isa = PBXNativeTarget;
			buildConfigurationList = 28E7CEF4966A4015A0BB11FD /* Build configuration list for PBXNativeTarget "BeebeebWidget" */;
			buildPhases = (
				F3092360233146DC8D98FE7F /* Sources */,
				B3E53F50B06E4143B681218E /* Frameworks */,
				EDD21513FD8D4B4C812C251F /* Resources */,
			);
			buildRules = (
			);
			dependencies = (
			);
			name = BeebeebWidget;
			productName = BeebeebWidget;
			productReference = 417BA060800D49C79AA801B4 /* BeebeebWidget.appex */;
			productType = "com.apple.product-type.app-extension";
		};
/* End PBXNativeTarget section */

/* Begin PBXProject section */
		83CBB9F71A601CBA00E9B192 /* Project object */ = {
			isa = PBXProject;
			attributes = {
				LastUpgradeCheck = 1130;
				TargetAttributes = {
					13B07F861A680F5B00A75B9A = {
						LastSwiftMigration = 1250;
					};
				};
			};
			buildConfigurationList = 83CBB9FA1A601CBA00E9B192 /* Build configuration list for PBXProject "Beebeeb" */;
			compatibilityVersion = "Xcode 3.2";
			developmentRegion = en;
			hasScannedForEncodings = 0;
			knownRegions = (
				en,
				Base,
			);
			mainGroup = 83CBB9F61A601CBA00E9B192;
			productRefGroup = 83CBBA001A601CBA00E9B192 /* Products */;
			projectDirPath = "";
			projectRoot = "";
			targets = (
				13B07F861A680F5B00A75B9A /* Beebeeb */,
				CEA9DBADADA845109DA8CD18 /* BeebeebWidget */,
				CD67030F8A474E979D596CFF /* BeebeebShare */,
				2EBB43A3FDD3407CBFAA4376 /* BeebeebFileProvider */,
			);
		};
/* End PBXProject section */

/* Begin PBXResourcesBuildPhase section */
		13B07F8E1A680F5B00A75B9A /* Resources */ = {
			isa = PBXResourcesBuildPhase;
			buildActionMask = 2147483647;
			files = (
				BB2F792D24A3F905000567C9 /* Expo.plist in Resources */,
				13B07FBF1A68108700A75B9A /* Images.xcassets in Resources */,
				3E461D99554A48A4959DE609 /* SplashScreen.storyboard in Resources */,
				C6B95DE67C290D8F8EF72479 /* PrivacyInfo.xcprivacy in Resources */,
			);
			runOnlyForDeploymentPostprocessing = 0;
		};
		3B175D48465E4481A10A48E6 /* Resources */ = {
			isa = PBXResourcesBuildPhase;
			buildActionMask = 2147483647;
			files = (
			);
			runOnlyForDeploymentPostprocessing = 0;
		};
		73AF859789CA4A9AA4E9BDC8 /* Resources */ = {
			isa = PBXResourcesBuildPhase;
			buildActionMask = 2147483647;
			files = (
			);
			runOnlyForDeploymentPostprocessing = 0;
		};
		EDD21513FD8D4B4C812C251F /* Resources */ = {
			isa = PBXResourcesBuildPhase;
			buildActionMask = 2147483647;
			files = (
			);
			runOnlyForDeploymentPostprocessing = 0;
		};
/* End PBXResourcesBuildPhase section */

/* Begin PBXShellScriptBuildPhase section */
		00DD1BFF1BD5951E006B06BC /* Bundle React Native code and images */ = {
			isa = PBXShellScriptBuildPhase;
			alwaysOutOfDate = 1;
			buildActionMask = 2147483647;
			files = (
			);
			inputPaths = (
				"$(SRCROOT)/.xcode.env",
				"$(SRCROOT)/.xcode.env.local",
			);
			name = "Bundle React Native code and images";
			outputPaths = (
			);
			runOnlyForDeploymentPostprocessing = 0;
			shellPath = /bin/sh;
			shellScript = "if [[ -f \"$PODS_ROOT/../.xcode.env\" ]]; then\n  source \"$PODS_ROOT/../.xcode.env\"\nfi\nif [[ -f \"$PODS_ROOT/../.xcode.env.local\" ]]; then\n  source \"$PODS_ROOT/../.xcode.env.local\"\nfi\n\n# The project root by default is one level up from the ios directory\nexport PROJECT_ROOT=\"$PROJECT_DIR\"/..\n\nif [[ \"$CONFIGURATION\" = *Debug* ]]; then\n  export SKIP_BUNDLING=1\nfi\nif [[ -z \"$ENTRY_FILE\" ]]; then\n  # Set the entry JS file using the bundler's entry resolution.\n  export ENTRY_FILE=\"$(\"$NODE_BINARY\" -e \"require('expo/scripts/resolveAppEntry')\" \"$PROJECT_ROOT\" ios absolute | tail -n 1)\"\nfi\n\nif [[ -z \"$CLI_PATH\" ]]; then\n  # Use Expo CLI\n  export CLI_PATH=\"$(\"$NODE_BINARY\" --print \"require.resolve('@expo/cli', { paths: [require.resolve('expo/package.json')] })\")\"\nfi\nif [[ -z \"$BUNDLE_COMMAND\" ]]; then\n  # Default Expo CLI command for bundling\n  export BUNDLE_COMMAND=\"export:embed\"\nfi\n\n# Source .xcode.env.updates if it exists to allow\n# SKIP_BUNDLING to be unset if needed\nif [[ -f \"$PODS_ROOT/../.xcode.env.updates\" ]]; then\n  source \"$PODS_ROOT/../.xcode.env.updates\"\nfi\n# Source local changes to allow overrides\n# if needed\nif [[ -f \"$PODS_ROOT/../.xcode.env.local\" ]]; then\n  source \"$PODS_ROOT/../.xcode.env.local\"\nfi\n\n`\"$NODE_BINARY\" --print \"require('path').dirname(require.resolve('react-native/package.json')) + '/scripts/react-native-xcode.sh'\"`\n\n";
		};
		08A4A3CD28434E44B6B9DE2E /* [CP] Check Pods Manifest.lock */ = {
			isa = PBXShellScriptBuildPhase;
			buildActionMask = 2147483647;
			files = (
			);
			inputFileListPaths = (
			);
			inputPaths = (
				"${PODS_PODFILE_DIR_PATH}/Podfile.lock",
				"${PODS_ROOT}/Manifest.lock",
			);
			name = "[CP] Check Pods Manifest.lock";
			outputFileListPaths = (
			);
			outputPaths = (
				"$(DERIVED_FILE_DIR)/Pods-Beebeeb-checkManifestLockResult.txt",
			);
			runOnlyForDeploymentPostprocessing = 0;
			shellPath = /bin/sh;
			shellScript = "diff \"${PODS_PODFILE_DIR_PATH}/Podfile.lock\" \"${PODS_ROOT}/Manifest.lock\" > /dev/null\nif [ $? != 0 ] ; then\n    # print error to STDERR\n    echo \"error: The sandbox is not in sync with the Podfile.lock. Run 'pod install' or update your CocoaPods installation.\" >&2\n    exit 1\nfi\n# This output is used by Xcode 'outputs' to avoid re-running this script phase.\necho \"SUCCESS\" > \"${SCRIPT_OUTPUT_FILE_0}\"\n";
			showEnvVarsInLog = 0;
		};
		7D2C7C8BEAE94961BD5A672A /* [Expo Dev Launcher] Strip Local Network Keys for Release */ = {
			isa = PBXShellScriptBuildPhase;
			buildActionMask = 2147483647;
			files = (
			);
			inputPaths = (
			);
			name = "[Expo Dev Launcher] Strip Local Network Keys for Release";
			outputPaths = (
			);
			runOnlyForDeploymentPostprocessing = 0;
			shellPath = /bin/sh;
			shellScript = "# Strip dev-launcher-specific local network permission keys from non-Debug builds\n# This only removes _expo._tcp Bonjour services and the dev-launcher usage description.\n# Other Bonjour services and custom descriptions are preserved for production use.\n\nif [ \"$CONFIGURATION\" != \"Debug\" ]; then\n  PLIST_PATH=\"${TARGET_BUILD_DIR}/${INFOPLIST_PATH}\"\n  if [ -f \"$PLIST_PATH\" ]; then\n    # Check if NSBonjourServices exists\n    if /usr/libexec/PlistBuddy -c \"Print :NSBonjourServices\" \"$PLIST_PATH\" >/dev/null 2>&1; then\n      # Get the count of services\n      COUNT=$(/usr/libexec/PlistBuddy -c \"Print :NSBonjourServices\" \"$PLIST_PATH\" 2>/dev/null | grep \"^    \" | wc -l | tr -d ' ')\n\n      # Remove _expo._tcp\n      for ((i=COUNT-1; i>=0; i--)); do\n        SERVICE=$(/usr/libexec/PlistBuddy -c \"Print :NSBonjourServices:$i\" \"$PLIST_PATH\" 2>/dev/null || echo \"\")\n        if echo \"$SERVICE\" | grep -q \"_expo._tcp\"; then\n          /usr/libexec/PlistBuddy -c \"Delete :NSBonjourServices:$i\" \"$PLIST_PATH\" 2>/dev/null || true\n        fi\n      done\n\n      # If the array is now empty, remove it entirely\n      REMAINING=$(/usr/libexec/PlistBuddy -c \"Print :NSBonjourServices\" \"$PLIST_PATH\" 2>/dev/null | grep \"^    \" | wc -l | tr -d ' ')\n      if [ \"$REMAINING\" -eq \"0\" ]; then\n        /usr/libexec/PlistBuddy -c \"Delete :NSBonjourServices\" \"$PLIST_PATH\" 2>/dev/null || true\n      fi\n    fi\n\n    # Only delete the description if it matches the dev-launcher default text\n    DESC=$(/usr/libexec/PlistBuddy -c \"Print :NSLocalNetworkUsageDescription\" \"$PLIST_PATH\" 2>/dev/null || echo \"\")\n    if echo \"$DESC\" | grep -q \"Expo Dev Launcher\"; then\n      /usr/libexec/PlistBuddy -c \"Delete :NSLocalNetworkUsageDescription\" \"$PLIST_PATH\" 2>/dev/null || true\n    fi\n  fi\nfi\n";
		};
		800E24972A6A228C8D4807E9 /* [CP] Copy Pods Resources */ = {
			isa = PBXShellScriptBuildPhase;
			buildActionMask = 2147483647;
			files = (
			);
			inputPaths = (
				"${PODS_ROOT}/Target Support Files/Pods-Beebeeb/Pods-Beebeeb-resources.sh",
				"${PODS_CONFIGURATION_BUILD_DIR}/EXApplication/ExpoApplication_privacy.bundle",
				"${PODS_CONFIGURATION_BUILD_DIR}/EXConstants/EXConstants.bundle",
				"${PODS_CONFIGURATION_BUILD_DIR}/EXConstants/ExpoConstants_privacy.bundle",
				"${PODS_CONFIGURATION_BUILD_DIR}/EXUpdates/EXUpdates.bundle",
				"${PODS_CONFIGURATION_BUILD_DIR}/ExpoDevice/ExpoDevice_privacy.bundle",
				"${PODS_CONFIGURATION_BUILD_DIR}/ExpoFileSystem/ExpoFileSystem_privacy.bundle",
				"${PODS_CONFIGURATION_BUILD_DIR}/ExpoMediaLibrary/ExpoMediaLibrary_privacy.bundle",
				"${PODS_CONFIGURATION_BUILD_DIR}/ExpoNotifications/ExpoNotifications_privacy.bundle",
				"${PODS_CONFIGURATION_BUILD_DIR}/RNCAsyncStorage/RNCAsyncStorage_resources.bundle",
				"${PODS_CONFIGURATION_BUILD_DIR}/ReachabilitySwift/ReachabilitySwift.bundle",
				"${PODS_CONFIGURATION_BUILD_DIR}/React-Core/React-Core_privacy.bundle",
				"${PODS_CONFIGURATION_BUILD_DIR}/React-cxxreact/React-cxxreact_privacy.bundle",
				"${PODS_CONFIGURATION_BUILD_DIR}/React-timing/React-timing_privacy.bundle",
				"${PODS_CONFIGURATION_BUILD_DIR}/SDWebImage/SDWebImage.bundle",
				"${PODS_CONFIGURATION_BUILD_DIR}/expo-dev-launcher/EXDevLauncher.bundle",
				"${PODS_CONFIGURATION_BUILD_DIR}/expo-dev-menu/EXDevMenu.bundle",
				"${PODS_CONFIGURATION_BUILD_DIR}/react-native-blob-util/ReactNativeBlobUtilPrivacyInfo.bundle",
			);
			name = "[CP] Copy Pods Resources";
			outputPaths = (
				"${TARGET_BUILD_DIR}/${UNLOCALIZED_RESOURCES_FOLDER_PATH}/ExpoApplication_privacy.bundle",
				"${TARGET_BUILD_DIR}/${UNLOCALIZED_RESOURCES_FOLDER_PATH}/EXConstants.bundle",
				"${TARGET_BUILD_DIR}/${UNLOCALIZED_RESOURCES_FOLDER_PATH}/ExpoConstants_privacy.bundle",
				"${TARGET_BUILD_DIR}/${UNLOCALIZED_RESOURCES_FOLDER_PATH}/EXUpdates.bundle",
				"${TARGET_BUILD_DIR}/${UNLOCALIZED_RESOURCES_FOLDER_PATH}/ExpoDevice_privacy.bundle",
				"${TARGET_BUILD_DIR}/${UNLOCALIZED_RESOURCES_FOLDER_PATH}/ExpoFileSystem_privacy.bundle",
				"${TARGET_BUILD_DIR}/${UNLOCALIZED_RESOURCES_FOLDER_PATH}/ExpoMediaLibrary_privacy.bundle",
				"${TARGET_BUILD_DIR}/${UNLOCALIZED_RESOURCES_FOLDER_PATH}/ExpoNotifications_privacy.bundle",
				"${TARGET_BUILD_DIR}/${UNLOCALIZED_RESOURCES_FOLDER_PATH}/RNCAsyncStorage_resources.bundle",
				"${TARGET_BUILD_DIR}/${UNLOCALIZED_RESOURCES_FOLDER_PATH}/ReachabilitySwift.bundle",
				"${TARGET_BUILD_DIR}/${UNLOCALIZED_RESOURCES_FOLDER_PATH}/React-Core_privacy.bundle",
				"${TARGET_BUILD_DIR}/${UNLOCALIZED_RESOURCES_FOLDER_PATH}/React-cxxreact_privacy.bundle",
				"${TARGET_BUILD_DIR}/${UNLOCALIZED_RESOURCES_FOLDER_PATH}/React-timing_privacy.bundle",
				"${TARGET_BUILD_DIR}/${UNLOCALIZED_RESOURCES_FOLDER_PATH}/SDWebImage.bundle",
				"${TARGET_BUILD_DIR}/${UNLOCALIZED_RESOURCES_FOLDER_PATH}/EXDevLauncher.bundle",
				"${TARGET_BUILD_DIR}/${UNLOCALIZED_RESOURCES_FOLDER_PATH}/EXDevMenu.bundle",
				"${TARGET_BUILD_DIR}/${UNLOCALIZED_RESOURCES_FOLDER_PATH}/ReactNativeBlobUtilPrivacyInfo.bundle",
			);
			runOnlyForDeploymentPostprocessing = 0;
			shellPath = /bin/sh;
			shellScript = "\"${PODS_ROOT}/Target Support Files/Pods-Beebeeb/Pods-Beebeeb-resources.sh\"\n";
			showEnvVarsInLog = 0;
		};
		95A9EBA5F8F6DD6AF8902169 /* [Expo] Configure project */ = {
			isa = PBXShellScriptBuildPhase;
			alwaysOutOfDate = 1;
			buildActionMask = 2147483647;
			files = (
			);
			inputFileListPaths = (
			);
			inputPaths = (
				"$(SRCROOT)/.xcode.env",
				"$(SRCROOT)/.xcode.env.local",
				"$(SRCROOT)/Beebeeb/Beebeeb.entitlements",
				"$(SRCROOT)/Pods/Target Support Files/Pods-Beebeeb/expo-configure-project.sh",
			);
			name = "[Expo] Configure project";
			outputFileListPaths = (
			);
			outputPaths = (
				"$(SRCROOT)/Pods/Target Support Files/Pods-Beebeeb/ExpoModulesProvider.swift",
			);
			runOnlyForDeploymentPostprocessing = 0;
			shellPath = /bin/sh;
			shellScript = "# This script configures Expo modules and generates the modules provider file.\nbash -l -c \"./Pods/Target\\ Support\\ Files/Pods-Beebeeb/expo-configure-project.sh\"\n";
		};
		9E27036CF78E268C7A21208E /* [CP] Embed Pods Frameworks */ = {
			isa = PBXShellScriptBuildPhase;
			buildActionMask = 2147483647;
			files = (
			);
			inputPaths = (
				"${PODS_ROOT}/Target Support Files/Pods-Beebeeb/Pods-Beebeeb-frameworks.sh",
				"${PODS_XCFRAMEWORKS_BUILD_DIR}/ExpoCamera/ExpoCamera.framework/ExpoCamera",
				"${PODS_XCFRAMEWORKS_BUILD_DIR}/ExpoCameraBarcodeScanning/ExpoCameraBarcodeScanning.framework/ExpoCameraBarcodeScanning",
				"${PODS_XCFRAMEWORKS_BUILD_DIR}/ExpoCameraBarcodeScanning/ZXingObjC.framework/ZXingObjC",
				"${PODS_XCFRAMEWORKS_BUILD_DIR}/ExpoContacts/ExpoContacts.framework/ExpoContacts",
				"${PODS_XCFRAMEWORKS_BUILD_DIR}/ExpoFileSystem/ExpoFileSystem.framework/ExpoFileSystem",
				"${PODS_XCFRAMEWORKS_BUILD_DIR}/ExpoFont/ExpoFont.framework/ExpoFont",
				"${PODS_XCFRAMEWORKS_BUILD_DIR}/ExpoImageManipulator/ExpoImageManipulator.framework/ExpoImageManipulator",
				"${PODS_XCFRAMEWORKS_BUILD_DIR}/ExpoImageManipulator/SDWebImage.framework/SDWebImage",
				"${PODS_XCFRAMEWORKS_BUILD_DIR}/ExpoImageManipulator/SDWebImageWebPCoder.framework/SDWebImageWebPCoder",
				"${PODS_XCFRAMEWORKS_BUILD_DIR}/ExpoMediaLibrary/ExpoMediaLibrary.framework/ExpoMediaLibrary",
				"${PODS_XCFRAMEWORKS_BUILD_DIR}/ExpoModulesCore/ExpoModulesCore.framework/ExpoModulesCore",
				"${PODS_XCFRAMEWORKS_BUILD_DIR}/ExpoModulesJSI/ExpoModulesJSI.framework/ExpoModulesJSI",
				"${PODS_XCFRAMEWORKS_BUILD_DIR}/ExpoModulesWorklets/ExpoModulesWorklets.framework/ExpoModulesWorklets",
				"${PODS_XCFRAMEWORKS_BUILD_DIR}/ExpoPrint/ExpoPrint.framework/ExpoPrint",
				"${PODS_XCFRAMEWORKS_BUILD_DIR}/ExpoVideo/ExpoVideo.framework/ExpoVideo",
				"${PODS_XCFRAMEWORKS_BUILD_DIR}/React-Core-prebuilt/React.framework/React",
				"${PODS_XCFRAMEWORKS_BUILD_DIR}/ReactNativeDependencies/ReactNativeDependencies.framework/ReactNativeDependencies",
				"${PODS_XCFRAMEWORKS_BUILD_DIR}/hermes-engine/Pre-built/hermesvm.framework/hermesvm",
			);
			name = "[CP] Embed Pods Frameworks";
			outputPaths = (
				"${TARGET_BUILD_DIR}/${FRAMEWORKS_FOLDER_PATH}/ExpoCamera.framework",
				"${TARGET_BUILD_DIR}/${FRAMEWORKS_FOLDER_PATH}/ExpoCameraBarcodeScanning.framework",
				"${TARGET_BUILD_DIR}/${FRAMEWORKS_FOLDER_PATH}/ZXingObjC.framework",
				"${TARGET_BUILD_DIR}/${FRAMEWORKS_FOLDER_PATH}/ExpoContacts.framework",
				"${TARGET_BUILD_DIR}/${FRAMEWORKS_FOLDER_PATH}/ExpoFileSystem.framework",
				"${TARGET_BUILD_DIR}/${FRAMEWORKS_FOLDER_PATH}/ExpoFont.framework",
				"${TARGET_BUILD_DIR}/${FRAMEWORKS_FOLDER_PATH}/ExpoImageManipulator.framework",
				"${TARGET_BUILD_DIR}/${FRAMEWORKS_FOLDER_PATH}/SDWebImage.framework",
				"${TARGET_BUILD_DIR}/${FRAMEWORKS_FOLDER_PATH}/SDWebImageWebPCoder.framework",
				"${TARGET_BUILD_DIR}/${FRAMEWORKS_FOLDER_PATH}/ExpoMediaLibrary.framework",
				"${TARGET_BUILD_DIR}/${FRAMEWORKS_FOLDER_PATH}/ExpoModulesCore.framework",
				"${TARGET_BUILD_DIR}/${FRAMEWORKS_FOLDER_PATH}/ExpoModulesJSI.framework",
				"${TARGET_BUILD_DIR}/${FRAMEWORKS_FOLDER_PATH}/ExpoModulesWorklets.framework",
				"${TARGET_BUILD_DIR}/${FRAMEWORKS_FOLDER_PATH}/ExpoPrint.framework",
				"${TARGET_BUILD_DIR}/${FRAMEWORKS_FOLDER_PATH}/ExpoVideo.framework",
				"${TARGET_BUILD_DIR}/${FRAMEWORKS_FOLDER_PATH}/React.framework",
				"${TARGET_BUILD_DIR}/${FRAMEWORKS_FOLDER_PATH}/ReactNativeDependencies.framework",
				"${TARGET_BUILD_DIR}/${FRAMEWORKS_FOLDER_PATH}/hermesvm.framework",
			);
			runOnlyForDeploymentPostprocessing = 0;
			shellPath = /bin/sh;
			shellScript = "\"${PODS_ROOT}/Target Support Files/Pods-Beebeeb/Pods-Beebeeb-frameworks.sh\"\n";
			showEnvVarsInLog = 0;
		};
/* End PBXShellScriptBuildPhase section */

/* Begin PBXSourcesBuildPhase section */
		13B07F871A680F5B00A75B9A /* Sources */ = {
			isa = PBXSourcesBuildPhase;
			buildActionMask = 2147483647;
			files = (
				F11748422D0307B40044C1D9 /* AppDelegate.swift in Sources */,
				7DB65CFE6924458D99A837C0 /* beebeeb_uniffi.swift in Sources */,
				8E79F446FF23783DBB69F3F8 /* ExpoModulesProvider.swift in Sources */,
			);
			runOnlyForDeploymentPostprocessing = 0;
		};
		90ACBEB36FB24CE28CFA6718 /* Sources */ = {
			isa = PBXSourcesBuildPhase;
			buildActionMask = 2147483647;
			files = (
				02B4A076EAD343E3A48BD923 /* ShareViewController.swift in Sources */,
				219D9E3D6CAF43F6A78F6A4C /* BeebeebCryptoShim.swift in Sources */,
				B31BB01EEE83480FA73DFB6D /* ShareUploader.swift in Sources */,
				89337F23BDAD4C75AB73EF81 /* BeebeebKeychainCore.swift in Sources */,
				A0A3BFA5E3AA437992C186BB /* FolderFetcher.swift in Sources */,
				822D3A12265B41CDB9F95A33 /* beebeeb_uniffi.swift in Sources */,
			);
			runOnlyForDeploymentPostprocessing = 0;
		};
		EEFD29B3115742CB9C4D06F1 /* Sources */ = {
			isa = PBXSourcesBuildPhase;
			buildActionMask = 2147483647;
			files = (
				949804F8C861449181CE5D15 /* FileProviderExtension.swift in Sources */,
				51C6B611C3DD4D3693416812 /* FileProviderItem.swift in Sources */,
				5F458549952740669EC2780E /* FileProviderEnumerator.swift in Sources */,
				4D684AAF31EA47098239E4BA /* CacheManager.swift in Sources */,
				649525727E094D4A925A1F11 /* ApiClient.swift in Sources */,
				B04923F613E245E0AA0F2710 /* CryptoBridge.swift in Sources */,
				ACB4FA82DD8E42B9B5BF54CF /* BeebeebKeychainCore.swift in Sources */,
				B0CB7D0B9C1847EC875BBE25 /* Constants.swift in Sources */,
				C9D725635A4A4876B6544E25 /* SyncEngine.swift in Sources */,
				B75F326AD74D4DE09F2ACCD8 /* PlaintextStorageProtection.swift in Sources */,
				EC3B62F526E54811AD145949 /* RuntimeTrace.swift in Sources */,
				2F39996DA7DB4CD9B11F0208 /* beebeeb_uniffi.swift in Sources */,
			);
			runOnlyForDeploymentPostprocessing = 0;
		};
		F3092360233146DC8D98FE7F /* Sources */ = {
			isa = PBXSourcesBuildPhase;
			buildActionMask = 2147483647;
			files = (
				76570584F9DD4074BA2FB653 /* BeebeebWidget.swift in Sources */,
			);
			runOnlyForDeploymentPostprocessing = 0;
		};
/* End PBXSourcesBuildPhase section */

/* Begin PBXTargetDependency section */
		14DC9A94C5904084AC93F9D3 /* PBXTargetDependency */ = {
			isa = PBXTargetDependency;
			target = 2EBB43A3FDD3407CBFAA4376 /* BeebeebFileProvider */;
			targetProxy = A12B0FD4637D4E6FB94C015D /* PBXContainerItemProxy */;
		};
		6B5E9C736E594C3089759118 /* PBXTargetDependency */ = {
			isa = PBXTargetDependency;
			target = CEA9DBADADA845109DA8CD18 /* BeebeebWidget */;
			targetProxy = 7A165C7A6493440B87AC0155 /* PBXContainerItemProxy */;
		};
		DDE8C021B51D4411BC7A156A /* PBXTargetDependency */ = {
			isa = PBXTargetDependency;
			target = CD67030F8A474E979D596CFF /* BeebeebShare */;
			targetProxy = 665794C4D60B415D886266B5 /* PBXContainerItemProxy */;
		};
/* End PBXTargetDependency section */

/* Begin XCBuildConfiguration section */
		0327A8B43FD74100B2F98FCE /* Release */ = {
			isa = XCBuildConfiguration;
			buildSettings = {
				ALWAYS_SEARCH_USER_PATHS = NO;
				APPLICATION_EXTENSION_API_ONLY = YES;
				CLANG_ENABLE_MODULES = YES;
				CODE_SIGN_ENTITLEMENTS = BeebeebWidget/BeebeebWidget.entitlements;
				CURRENT_PROJECT_VERSION = 1;
				DEVELOPMENT_TEAM = R8352WDJJR;
				FRAMEWORK_SEARCH_PATHS = (
					"$(inherited)",
					"$(PROJECT_DIR)",
				);
				"HEADER_SEARCH_PATHS[sdk=iphoneos*]" = (
					"$(inherited)",
					"\"$(PROJECT_DIR)/BeebeebCore.xcframework/ios-arm64/Headers\"",
				);
				"HEADER_SEARCH_PATHS[sdk=iphonesimulator*]" = (
					"$(inherited)",
					"\"$(PROJECT_DIR)/BeebeebCore.xcframework/ios-arm64_x86_64-simulator/Headers\"",
				);
				INFOPLIST_FILE = BeebeebWidget/Info.plist;
				IPHONEOS_DEPLOYMENT_TARGET = 16.0;
				LD_RUNPATH_SEARCH_PATHS = (
					"$(inherited)",
					"@executable_path/Frameworks",
					"@executable_path/../../Frameworks",
				);
				MARKETING_VERSION = 1.0.0;
				OTHER_SWIFT_FLAGS = "$(inherited) -D EXPO_CONFIGURATION_RELEASE";
				"OTHER_SWIFT_FLAGS[sdk=iphoneos*]" = "$(inherited) -D EXPO_CONFIGURATION_RELEASE -Xcc -fmodule-map-file=\"$(PROJECT_DIR)/BeebeebCore.xcframework/ios-arm64/Headers/module.modulemap\"";
				"OTHER_SWIFT_FLAGS[sdk=iphonesimulator*]" = "$(inherited) -D EXPO_CONFIGURATION_RELEASE -Xcc -fmodule-map-file=\"$(PROJECT_DIR)/BeebeebCore.xcframework/ios-arm64_x86_64-simulator/Headers/module.modulemap\"";
				PRODUCT_BUNDLE_IDENTIFIER = io.beebeeb.app.widget;
				PRODUCT_NAME = "$(TARGET_NAME)";
				SKIP_INSTALL = YES;
				SWIFT_VERSION = 5;
				TARGETED_DEVICE_FAMILY = "1,2";
			};
			name = Release;
		};
		13B07F941A680F5B00A75B9A /* Debug */ = {
			isa = XCBuildConfiguration;
			baseConfigurationReference = 1E005C7786CF34B2668CA27E /* Pods-Beebeeb.debug.xcconfig */;
			buildSettings = {
				ASSETCATALOG_COMPILER_APPICON_NAME = AppIcon;
				CLANG_ENABLE_MODULES = YES;
				CODE_SIGN_ENTITLEMENTS = Beebeeb/Beebeeb.entitlements;
				CURRENT_PROJECT_VERSION = 1;
				DEVELOPMENT_TEAM = R8352WDJJR;
				ENABLE_BITCODE = NO;
				GCC_PREPROCESSOR_DEFINITIONS = (
					"$(inherited)",
					"FB_SONARKIT_ENABLED=1",
				);
				INFOPLIST_FILE = Beebeeb/Info.plist;
				IPHONEOS_DEPLOYMENT_TARGET = 16.4;
				LD_RUNPATH_SEARCH_PATHS = (
					"$(inherited)",
					"@executable_path/Frameworks",
				);
				MACOSX_DEPLOYMENT_TARGET = 13.4;
				MARKETING_VERSION = 1.0;
				OTHER_LDFLAGS = (
					"$(inherited)",
					"-ObjC",
					"-lc++",
				);
				"OTHER_LDFLAGS[sdk=iphoneos*]" = (
					"$(inherited)",
					"\"$(PROJECT_DIR)/BeebeebCore.xcframework/ios-arm64/libbeebeeb_uniffi.a\"",
				);
				"OTHER_LDFLAGS[sdk=iphonesimulator*]" = (
					"$(inherited)",
					"\"$(PROJECT_DIR)/BeebeebCore.xcframework/ios-arm64_x86_64-simulator/libbeebeeb_uniffi_sim_fat.a\"",
				);
				OTHER_SWIFT_FLAGS = "$(inherited) -D EXPO_CONFIGURATION_DEBUG";
				PRODUCT_BUNDLE_IDENTIFIER = io.beebeeb.app;
				PRODUCT_NAME = Beebeeb;
				SWIFT_OBJC_BRIDGING_HEADER = "Beebeeb/Beebeeb-Bridging-Header.h";
				SWIFT_OPTIMIZATION_LEVEL = "-Onone";
				SWIFT_VERSION = 5.0;
				TARGETED_DEVICE_FAMILY = 1;
				VERSIONING_SYSTEM = "apple-generic";
			};
			name = Debug;
		};
		13B07F951A680F5B00A75B9A /* Release */ = {
			isa = XCBuildConfiguration;
			baseConfigurationReference = B19421435224F54F1DD573A7 /* Pods-Beebeeb.release.xcconfig */;
			buildSettings = {
				ASSETCATALOG_COMPILER_APPICON_NAME = AppIcon;
				CLANG_ENABLE_MODULES = YES;
				CODE_SIGN_ENTITLEMENTS = Beebeeb/Beebeeb.entitlements;
				CURRENT_PROJECT_VERSION = 1;
				DEVELOPMENT_TEAM = R8352WDJJR;
				INFOPLIST_FILE = Beebeeb/Info.plist;
				IPHONEOS_DEPLOYMENT_TARGET = 16.4;
				LD_RUNPATH_SEARCH_PATHS = (
					"$(inherited)",
					"@executable_path/Frameworks",
				);
				MACOSX_DEPLOYMENT_TARGET = 13.4;
				MARKETING_VERSION = 1.0;
				OTHER_LDFLAGS = (
					"$(inherited)",
					"-ObjC",
					"-lc++",
				);
				"OTHER_LDFLAGS[sdk=iphoneos*]" = (
					"$(inherited)",
					"\"$(PROJECT_DIR)/BeebeebCore.xcframework/ios-arm64/libbeebeeb_uniffi.a\"",
				);
				"OTHER_LDFLAGS[sdk=iphonesimulator*]" = (
					"$(inherited)",
					"\"$(PROJECT_DIR)/BeebeebCore.xcframework/ios-arm64_x86_64-simulator/libbeebeeb_uniffi_sim_fat.a\"",
				);
				OTHER_SWIFT_FLAGS = "$(inherited) -D EXPO_CONFIGURATION_RELEASE";
				PRODUCT_BUNDLE_IDENTIFIER = io.beebeeb.app;
				PRODUCT_NAME = Beebeeb;
				SWIFT_OBJC_BRIDGING_HEADER = "Beebeeb/Beebeeb-Bridging-Header.h";
				SWIFT_VERSION = 5.0;
				TARGETED_DEVICE_FAMILY = 1;
				VERSIONING_SYSTEM = "apple-generic";
			};
			name = Release;
		};
		1D3116DB01274079812A9B22 /* Release */ = {
			isa = XCBuildConfiguration;
			buildSettings = {
				ALWAYS_SEARCH_USER_PATHS = NO;
				APPLICATION_EXTENSION_API_ONLY = YES;
				CLANG_ENABLE_MODULES = YES;
				CODE_SIGN_ENTITLEMENTS = BeebeebFileProvider/BeebeebFileProvider.entitlements;
				CURRENT_PROJECT_VERSION = 1;
				DEVELOPMENT_TEAM = R8352WDJJR;
				FRAMEWORK_SEARCH_PATHS = (
					"$(inherited)",
					"$(PROJECT_DIR)",
				);
				"HEADER_SEARCH_PATHS[sdk=iphoneos*]" = (
					"$(inherited)",
					"\"$(PROJECT_DIR)/BeebeebCore.xcframework/ios-arm64/Headers\"",
				);
				"HEADER_SEARCH_PATHS[sdk=iphonesimulator*]" = (
					"$(inherited)",
					"\"$(PROJECT_DIR)/BeebeebCore.xcframework/ios-arm64_x86_64-simulator/Headers\"",
				);
				INFOPLIST_FILE = BeebeebFileProvider/Info.plist;
				IPHONEOS_DEPLOYMENT_TARGET = 16;
				LD_RUNPATH_SEARCH_PATHS = (
					"$(inherited)",
					"@executable_path/Frameworks",
					"@executable_path/../../Frameworks",
				);
				MARKETING_VERSION = 1.0.0;
				OTHER_SWIFT_FLAGS = "$(inherited) -D EXPO_CONFIGURATION_RELEASE";
				"OTHER_SWIFT_FLAGS[sdk=iphoneos*]" = "$(inherited) -D EXPO_CONFIGURATION_RELEASE -Xcc -fmodule-map-file=\"$(PROJECT_DIR)/BeebeebCore.xcframework/ios-arm64/Headers/module.modulemap\"";
				"OTHER_SWIFT_FLAGS[sdk=iphonesimulator*]" = "$(inherited) -D EXPO_CONFIGURATION_RELEASE -Xcc -fmodule-map-file=\"$(PROJECT_DIR)/BeebeebCore.xcframework/ios-arm64_x86_64-simulator/Headers/module.modulemap\"";
				PRODUCT_BUNDLE_IDENTIFIER = "io.beebeeb.app.file-provider";
				PRODUCT_NAME = "$(TARGET_NAME)";
				SKIP_INSTALL = YES;
				SWIFT_VERSION = 5;
				TARGETED_DEVICE_FAMILY = "1,2";
			};
			name = Release;
		};
		5408E4749D0B4B69818253F4 /* Debug */ = {
			isa = XCBuildConfiguration;
			buildSettings = {
				ALWAYS_SEARCH_USER_PATHS = NO;
				APPLICATION_EXTENSION_API_ONLY = YES;
				CLANG_ENABLE_MODULES = YES;
				CODE_SIGN_ENTITLEMENTS = BeebeebShare/BeebeebShare.entitlements;
				CURRENT_PROJECT_VERSION = 1;
				DEVELOPMENT_TEAM = R8352WDJJR;
				FRAMEWORK_SEARCH_PATHS = (
					"$(inherited)",
					"$(PROJECT_DIR)",
				);
				GCC_PREPROCESSOR_DEFINITIONS = (
					"DEBUG=1",
					"$(inherited)",
				);
				"HEADER_SEARCH_PATHS[sdk=iphoneos*]" = (
					"$(inherited)",
					"\"$(PROJECT_DIR)/BeebeebCore.xcframework/ios-arm64/Headers\"",
				);
				"HEADER_SEARCH_PATHS[sdk=iphonesimulator*]" = (
					"$(inherited)",
					"\"$(PROJECT_DIR)/BeebeebCore.xcframework/ios-arm64_x86_64-simulator/Headers\"",
				);
				INFOPLIST_FILE = BeebeebShare/Info.plist;
				IPHONEOS_DEPLOYMENT_TARGET = 16.0;
				LD_RUNPATH_SEARCH_PATHS = (
					"$(inherited)",
					"@executable_path/Frameworks",
					"@executable_path/../../Frameworks",
				);
				MARKETING_VERSION = 1.0.0;
				"OTHER_LDFLAGS[sdk=iphoneos*]" = (
					"$(inherited)",
					"\"$(PROJECT_DIR)/BeebeebCore.xcframework/ios-arm64/libbeebeeb_uniffi.a\"",
				);
				"OTHER_LDFLAGS[sdk=iphonesimulator*]" = (
					"$(inherited)",
					"\"$(PROJECT_DIR)/BeebeebCore.xcframework/ios-arm64_x86_64-simulator/libbeebeeb_uniffi_sim_fat.a\"",
				);
				OTHER_SWIFT_FLAGS = "$(inherited) -D EXPO_CONFIGURATION_DEBUG";
				"OTHER_SWIFT_FLAGS[sdk=iphoneos*]" = "$(inherited) -D EXPO_CONFIGURATION_DEBUG -Xcc -fmodule-map-file=\"$(PROJECT_DIR)/BeebeebCore.xcframework/ios-arm64/Headers/module.modulemap\"";
				"OTHER_SWIFT_FLAGS[sdk=iphonesimulator*]" = "$(inherited) -D EXPO_CONFIGURATION_DEBUG -Xcc -fmodule-map-file=\"$(PROJECT_DIR)/BeebeebCore.xcframework/ios-arm64_x86_64-simulator/Headers/module.modulemap\"";
				PRODUCT_BUNDLE_IDENTIFIER = io.beebeeb.app.share;
				PRODUCT_NAME = "$(TARGET_NAME)";
				SKIP_INSTALL = YES;
				SWIFT_OPTIMIZATION_LEVEL = "-Onone";
				SWIFT_VERSION = 5;
				TARGETED_DEVICE_FAMILY = "1,2";
			};
			name = Debug;
		};
		83CBBA201A601CBA00E9B192 /* Debug */ = {
			isa = XCBuildConfiguration;
			buildSettings = {
				ALWAYS_SEARCH_USER_PATHS = NO;
				CLANG_ANALYZER_LOCALIZABILITY_NONLOCALIZED = YES;
				CLANG_CXX_LANGUAGE_STANDARD = "c++20";
				CLANG_CXX_LIBRARY = "libc++";
				CLANG_ENABLE_MODULES = YES;
				CLANG_ENABLE_OBJC_ARC = YES;
				CLANG_WARN_BLOCK_CAPTURE_AUTORELEASING = YES;
				CLANG_WARN_BOOL_CONVERSION = YES;
				CLANG_WARN_COMMA = YES;
				CLANG_WARN_CONSTANT_CONVERSION = YES;
				CLANG_WARN_DEPRECATED_OBJC_IMPLEMENTATIONS = YES;
				CLANG_WARN_DIRECT_OBJC_ISA_USAGE = YES_ERROR;
				CLANG_WARN_EMPTY_BODY = YES;
				CLANG_WARN_ENUM_CONVERSION = YES;
				CLANG_WARN_INFINITE_RECURSION = YES;
				CLANG_WARN_INT_CONVERSION = YES;
				CLANG_WARN_NON_LITERAL_NULL_CONVERSION = YES;
				CLANG_WARN_OBJC_IMPLICIT_RETAIN_SELF = YES;
				CLANG_WARN_OBJC_LITERAL_CONVERSION = YES;
				CLANG_WARN_OBJC_ROOT_CLASS = YES_ERROR;
				CLANG_WARN_RANGE_LOOP_ANALYSIS = YES;
				CLANG_WARN_STRICT_PROTOTYPES = YES;
				CLANG_WARN_SUSPICIOUS_MOVE = YES;
				CLANG_WARN_UNREACHABLE_CODE = YES;
				CLANG_WARN__DUPLICATE_METHOD_MATCH = YES;
				"CODE_SIGN_IDENTITY[sdk=iphoneos*]" = "iPhone Developer";
				COPY_PHASE_STRIP = NO;
				ENABLE_STRICT_OBJC_MSGSEND = YES;
				ENABLE_TESTABILITY = YES;
				GCC_C_LANGUAGE_STANDARD = gnu99;
				GCC_DYNAMIC_NO_PIC = NO;
				GCC_NO_COMMON_BLOCKS = YES;
				GCC_OPTIMIZATION_LEVEL = 0;
				GCC_PREPROCESSOR_DEFINITIONS = (
					"DEBUG=1",
					"$(inherited)",
				);
				GCC_SYMBOLS_PRIVATE_EXTERN = NO;
				GCC_WARN_64_TO_32_BIT_CONVERSION = YES;
				GCC_WARN_ABOUT_RETURN_TYPE = YES_ERROR;
				GCC_WARN_UNDECLARED_SELECTOR = YES;
				GCC_WARN_UNINITIALIZED_AUTOS = YES_AGGRESSIVE;
				GCC_WARN_UNUSED_FUNCTION = YES;
				GCC_WARN_UNUSED_VARIABLE = YES;
				IPHONEOS_DEPLOYMENT_TARGET = 16.4;
				LD_RUNPATH_SEARCH_PATHS = (
					/usr/lib/swift,
					"$(inherited)",
				);
				LIBRARY_SEARCH_PATHS = "$(SDKROOT)/usr/lib/swift\"$(inherited)\"";
				MTL_ENABLE_DEBUG_INFO = YES;
				ONLY_ACTIVE_ARCH = YES;
				OTHER_CFLAGS = (
					"$(inherited)",
					"-DRCT_REMOVE_LEGACY_ARCH=1",
				);
				OTHER_CPLUSPLUSFLAGS = (
					"$(inherited)",
					"-DRCT_REMOVE_LEGACY_ARCH=1",
				);
				PODFILE_DIR = "$(SRCROOT)";
				REACT_NATIVE_PATH = "${PODS_ROOT}/../../node_modules/react-native";
				SDKROOT = iphoneos;
				SWIFT_ACTIVE_COMPILATION_CONDITIONS = "$(inherited) DEBUG";
				SWIFT_ENABLE_EXPLICIT_MODULES = NO;
				USE_HERMES = true;
			};
			name = Debug;
		};
		83CBBA211A601CBA00E9B192 /* Release */ = {
			isa = XCBuildConfiguration;
			buildSettings = {
				ALWAYS_SEARCH_USER_PATHS = NO;
				CLANG_ANALYZER_LOCALIZABILITY_NONLOCALIZED = YES;
				CLANG_CXX_LANGUAGE_STANDARD = "c++20";
				CLANG_CXX_LIBRARY = "libc++";
				CLANG_ENABLE_MODULES = YES;
				CLANG_ENABLE_OBJC_ARC = YES;
				CLANG_WARN_BLOCK_CAPTURE_AUTORELEASING = YES;
				CLANG_WARN_BOOL_CONVERSION = YES;
				CLANG_WARN_COMMA = YES;
				CLANG_WARN_CONSTANT_CONVERSION = YES;
				CLANG_WARN_DEPRECATED_OBJC_IMPLEMENTATIONS = YES;
				CLANG_WARN_DIRECT_OBJC_ISA_USAGE = YES_ERROR;
				CLANG_WARN_EMPTY_BODY = YES;
				CLANG_WARN_ENUM_CONVERSION = YES;
				CLANG_WARN_INFINITE_RECURSION = YES;
				CLANG_WARN_INT_CONVERSION = YES;
				CLANG_WARN_NON_LITERAL_NULL_CONVERSION = YES;
				CLANG_WARN_OBJC_IMPLICIT_RETAIN_SELF = YES;
				CLANG_WARN_OBJC_LITERAL_CONVERSION = YES;
				CLANG_WARN_OBJC_ROOT_CLASS = YES_ERROR;
				CLANG_WARN_RANGE_LOOP_ANALYSIS = YES;
				CLANG_WARN_STRICT_PROTOTYPES = YES;
				CLANG_WARN_SUSPICIOUS_MOVE = YES;
				CLANG_WARN_UNREACHABLE_CODE = YES;
				CLANG_WARN__DUPLICATE_METHOD_MATCH = YES;
				"CODE_SIGN_IDENTITY[sdk=iphoneos*]" = "iPhone Developer";
				COPY_PHASE_STRIP = YES;
				ENABLE_NS_ASSERTIONS = NO;
				ENABLE_STRICT_OBJC_MSGSEND = YES;
				GCC_C_LANGUAGE_STANDARD = gnu99;
				GCC_NO_COMMON_BLOCKS = YES;
				GCC_WARN_64_TO_32_BIT_CONVERSION = YES;
				GCC_WARN_ABOUT_RETURN_TYPE = YES_ERROR;
				GCC_WARN_UNDECLARED_SELECTOR = YES;
				GCC_WARN_UNINITIALIZED_AUTOS = YES_AGGRESSIVE;
				GCC_WARN_UNUSED_FUNCTION = YES;
				GCC_WARN_UNUSED_VARIABLE = YES;
				IPHONEOS_DEPLOYMENT_TARGET = 16.4;
				LD_RUNPATH_SEARCH_PATHS = (
					/usr/lib/swift,
					"$(inherited)",
				);
				LIBRARY_SEARCH_PATHS = "$(SDKROOT)/usr/lib/swift\"$(inherited)\"";
				MTL_ENABLE_DEBUG_INFO = NO;
				OTHER_CFLAGS = (
					"$(inherited)",
					"-DRCT_REMOVE_LEGACY_ARCH=1",
				);
				OTHER_CPLUSPLUSFLAGS = (
					"$(inherited)",
					"-DRCT_REMOVE_LEGACY_ARCH=1",
				);
				PODFILE_DIR = "$(SRCROOT)";
				REACT_NATIVE_PATH = "${PODS_ROOT}/../../node_modules/react-native";
				SDKROOT = iphoneos;
				SWIFT_ENABLE_EXPLICIT_MODULES = NO;
				USE_HERMES = true;
				VALIDATE_PRODUCT = YES;
			};
			name = Release;
		};
		85087DD78F1146E6A068814F /* Release */ = {
			isa = XCBuildConfiguration;
			buildSettings = {
				ALWAYS_SEARCH_USER_PATHS = NO;
				APPLICATION_EXTENSION_API_ONLY = YES;
				CLANG_ENABLE_MODULES = YES;
				CODE_SIGN_ENTITLEMENTS = BeebeebShare/BeebeebShare.entitlements;
				CURRENT_PROJECT_VERSION = 1;
				DEVELOPMENT_TEAM = R8352WDJJR;
				FRAMEWORK_SEARCH_PATHS = (
					"$(inherited)",
					"$(PROJECT_DIR)",
				);
				"HEADER_SEARCH_PATHS[sdk=iphoneos*]" = (
					"$(inherited)",
					"\"$(PROJECT_DIR)/BeebeebCore.xcframework/ios-arm64/Headers\"",
				);
				"HEADER_SEARCH_PATHS[sdk=iphonesimulator*]" = (
					"$(inherited)",
					"\"$(PROJECT_DIR)/BeebeebCore.xcframework/ios-arm64_x86_64-simulator/Headers\"",
				);
				INFOPLIST_FILE = BeebeebShare/Info.plist;
				IPHONEOS_DEPLOYMENT_TARGET = 16.0;
				LD_RUNPATH_SEARCH_PATHS = (
					"$(inherited)",
					"@executable_path/Frameworks",
					"@executable_path/../../Frameworks",
				);
				MARKETING_VERSION = 1.0.0;
				"OTHER_LDFLAGS[sdk=iphoneos*]" = (
					"$(inherited)",
					"\"$(PROJECT_DIR)/BeebeebCore.xcframework/ios-arm64/libbeebeeb_uniffi.a\"",
				);
				"OTHER_LDFLAGS[sdk=iphonesimulator*]" = (
					"$(inherited)",
					"\"$(PROJECT_DIR)/BeebeebCore.xcframework/ios-arm64_x86_64-simulator/libbeebeeb_uniffi_sim_fat.a\"",
				);
				OTHER_SWIFT_FLAGS = "$(inherited) -D EXPO_CONFIGURATION_RELEASE";
				"OTHER_SWIFT_FLAGS[sdk=iphoneos*]" = "$(inherited) -D EXPO_CONFIGURATION_RELEASE -Xcc -fmodule-map-file=\"$(PROJECT_DIR)/BeebeebCore.xcframework/ios-arm64/Headers/module.modulemap\"";
				"OTHER_SWIFT_FLAGS[sdk=iphonesimulator*]" = "$(inherited) -D EXPO_CONFIGURATION_RELEASE -Xcc -fmodule-map-file=\"$(PROJECT_DIR)/BeebeebCore.xcframework/ios-arm64_x86_64-simulator/Headers/module.modulemap\"";
				PRODUCT_BUNDLE_IDENTIFIER = io.beebeeb.app.share;
				PRODUCT_NAME = "$(TARGET_NAME)";
				SKIP_INSTALL = YES;
				SWIFT_VERSION = 5;
				TARGETED_DEVICE_FAMILY = "1,2";
			};
			name = Release;
		};
		86F61F08C269488BAE4B76EA /* Debug */ = {
			isa = XCBuildConfiguration;
			buildSettings = {
				ALWAYS_SEARCH_USER_PATHS = NO;
				APPLICATION_EXTENSION_API_ONLY = YES;
				CLANG_ENABLE_MODULES = YES;
				CODE_SIGN_ENTITLEMENTS = BeebeebWidget/BeebeebWidget.entitlements;
				CURRENT_PROJECT_VERSION = 1;
				DEVELOPMENT_TEAM = R8352WDJJR;
				FRAMEWORK_SEARCH_PATHS = (
					"$(inherited)",
					"$(PROJECT_DIR)",
				);
				GCC_PREPROCESSOR_DEFINITIONS = (
					"DEBUG=1",
					"$(inherited)",
				);
				"HEADER_SEARCH_PATHS[sdk=iphoneos*]" = (
					"$(inherited)",
					"\"$(PROJECT_DIR)/BeebeebCore.xcframework/ios-arm64/Headers\"",
				);
				"HEADER_SEARCH_PATHS[sdk=iphonesimulator*]" = (
					"$(inherited)",
					"\"$(PROJECT_DIR)/BeebeebCore.xcframework/ios-arm64_x86_64-simulator/Headers\"",
				);
				INFOPLIST_FILE = BeebeebWidget/Info.plist;
				IPHONEOS_DEPLOYMENT_TARGET = 16.0;
				LD_RUNPATH_SEARCH_PATHS = (
					"$(inherited)",
					"@executable_path/Frameworks",
					"@executable_path/../../Frameworks",
				);
				MARKETING_VERSION = 1.0.0;
				OTHER_SWIFT_FLAGS = "$(inherited) -D EXPO_CONFIGURATION_DEBUG";
				"OTHER_SWIFT_FLAGS[sdk=iphoneos*]" = "$(inherited) -D EXPO_CONFIGURATION_DEBUG -Xcc -fmodule-map-file=\"$(PROJECT_DIR)/BeebeebCore.xcframework/ios-arm64/Headers/module.modulemap\"";
				"OTHER_SWIFT_FLAGS[sdk=iphonesimulator*]" = "$(inherited) -D EXPO_CONFIGURATION_DEBUG -Xcc -fmodule-map-file=\"$(PROJECT_DIR)/BeebeebCore.xcframework/ios-arm64_x86_64-simulator/Headers/module.modulemap\"";
				PRODUCT_BUNDLE_IDENTIFIER = io.beebeeb.app.widget;
				PRODUCT_NAME = "$(TARGET_NAME)";
				SKIP_INSTALL = YES;
				SWIFT_OPTIMIZATION_LEVEL = "-Onone";
				SWIFT_VERSION = 5;
				TARGETED_DEVICE_FAMILY = "1,2";
			};
			name = Debug;
		};
		E9E8E04097BC4DC0AEFD00B2 /* Debug */ = {
			isa = XCBuildConfiguration;
			buildSettings = {
				ALWAYS_SEARCH_USER_PATHS = NO;
				APPLICATION_EXTENSION_API_ONLY = YES;
				CLANG_ENABLE_MODULES = YES;
				CODE_SIGN_ENTITLEMENTS = BeebeebFileProvider/BeebeebFileProvider.entitlements;
				CURRENT_PROJECT_VERSION = 1;
				DEVELOPMENT_TEAM = R8352WDJJR;
				FRAMEWORK_SEARCH_PATHS = (
					"$(inherited)",
					"$(PROJECT_DIR)",
				);
				GCC_PREPROCESSOR_DEFINITIONS = (
					"DEBUG=1",
					"$(inherited)",
				);
				"HEADER_SEARCH_PATHS[sdk=iphoneos*]" = (
					"$(inherited)",
					"\"$(PROJECT_DIR)/BeebeebCore.xcframework/ios-arm64/Headers\"",
				);
				"HEADER_SEARCH_PATHS[sdk=iphonesimulator*]" = (
					"$(inherited)",
					"\"$(PROJECT_DIR)/BeebeebCore.xcframework/ios-arm64_x86_64-simulator/Headers\"",
				);
				INFOPLIST_FILE = BeebeebFileProvider/Info.plist;
				IPHONEOS_DEPLOYMENT_TARGET = 16;
				LD_RUNPATH_SEARCH_PATHS = (
					"$(inherited)",
					"@executable_path/Frameworks",
					"@executable_path/../../Frameworks",
				);
				MARKETING_VERSION = 1.0.0;
				OTHER_SWIFT_FLAGS = "$(inherited) -D EXPO_CONFIGURATION_DEBUG";
				"OTHER_SWIFT_FLAGS[sdk=iphoneos*]" = "$(inherited) -D EXPO_CONFIGURATION_DEBUG -Xcc -fmodule-map-file=\"$(PROJECT_DIR)/BeebeebCore.xcframework/ios-arm64/Headers/module.modulemap\"";
				"OTHER_SWIFT_FLAGS[sdk=iphonesimulator*]" = "$(inherited) -D EXPO_CONFIGURATION_DEBUG -Xcc -fmodule-map-file=\"$(PROJECT_DIR)/BeebeebCore.xcframework/ios-arm64_x86_64-simulator/Headers/module.modulemap\"";
				PRODUCT_BUNDLE_IDENTIFIER = "io.beebeeb.app.file-provider";
				PRODUCT_NAME = "$(TARGET_NAME)";
				SKIP_INSTALL = YES;
				SWIFT_OPTIMIZATION_LEVEL = "-Onone";
				SWIFT_VERSION = 5;
				TARGETED_DEVICE_FAMILY = "1,2";
			};
			name = Debug;
		};
/* End XCBuildConfiguration section */

/* Begin XCConfigurationList section */
		13B07F931A680F5B00A75B9A /* Build configuration list for PBXNativeTarget "Beebeeb" */ = {
			isa = XCConfigurationList;
			buildConfigurations = (
				13B07F941A680F5B00A75B9A /* Debug */,
				13B07F951A680F5B00A75B9A /* Release */,
			);
			defaultConfigurationIsVisible = 0;
			defaultConfigurationName = Release;
		};
		28E7CEF4966A4015A0BB11FD /* Build configuration list for PBXNativeTarget "BeebeebWidget" */ = {
			isa = XCConfigurationList;
			buildConfigurations = (
				86F61F08C269488BAE4B76EA /* Debug */,
				0327A8B43FD74100B2F98FCE /* Release */,
			);
			defaultConfigurationIsVisible = 0;
			defaultConfigurationName = Release;
		};
		637F0BE16CC44A9DAF784C2E /* Build configuration list for PBXNativeTarget "BeebeebFileProvider" */ = {
			isa = XCConfigurationList;
			buildConfigurations = (
				E9E8E04097BC4DC0AEFD00B2 /* Debug */,
				1D3116DB01274079812A9B22 /* Release */,
			);
			defaultConfigurationIsVisible = 0;
			defaultConfigurationName = Release;
		};
		83CBB9FA1A601CBA00E9B192 /* Build configuration list for PBXProject "Beebeeb" */ = {
			isa = XCConfigurationList;
			buildConfigurations = (
				83CBBA201A601CBA00E9B192 /* Debug */,
				83CBBA211A601CBA00E9B192 /* Release */,
			);
			defaultConfigurationIsVisible = 0;
			defaultConfigurationName = Release;
		};
		F363AF013DEC4A9EA47C9043 /* Build configuration list for PBXNativeTarget "BeebeebShare" */ = {
			isa = XCConfigurationList;
			buildConfigurations = (
				5408E4749D0B4B69818253F4 /* Debug */,
				85087DD78F1146E6A068814F /* Release */,
			);
			defaultConfigurationIsVisible = 0;
			defaultConfigurationName = Release;
		};
/* End XCConfigurationList section */
	};
	rootObject = 83CBB9F71A601CBA00E9B192 /* Project object */;
}
